{
  "version": 4,
  "terraform_version": "0.12.23",
  "serial": 6,
  "lineage": "745711d5-5069-111b-598f-bcf7e95f464c",
  "outputs": {},
  "resources": [
    {
      "mode": "managed",
      "type": "appstream_fleet",
      "name": "appstream-fleet",
      "provider": "provider.appstream",
      "instances": [
        {
          "schema_version": 0,
          "attributes": {
            "compute_capacity": [
              {
                "desired_instances": 1
              }
            ],
            "description": "Default appstream fleet",
            "disconnect_timeout": 300,
            "display_name": "default-fleet",
            "domain_info": [],
            "enable_default_internet_access": true,
            "fleet_type": "ON_DEMAND",
            "iam_role_arn": "",
            "id": "default-fleet",
            "idle_disconnect_timeout": 300,
            "image_arn": "arn:aws:appstream:us-east-1::image/Amazon-AppStream2-Sample-Image-02-04-2019",
            "image_name": "Amazon-AppStream2-Sample-Image-02-04-2019",
            "instance_type": "stream.standard.large",
            "max_user_duration": 600,
            "name": "default-fleet",
            "stack_name": "default-stack",
            "state": "RUNNING",
            "tags": {
              "Env": "dev",
              "Role": "Appstream"
            },
            "vpc_config": [
              {
                "security_group_ids": "sg-6c23d659",
                "subnet_ids": "subnet-d67cfa89"
              }
            ]
          },
          "private": "bnVsbA==",
          "dependencies": [
            "appstream_stack.appstream-stack"
          ]
        }
      ]
    },
    {
      "mode": "managed",
      "type": "appstream_stack",
      "name": "appstream-stack",
      "provider": "provider.appstream",
      "instances": [
        {
          "schema_version": 0,
          "attributes": {
            "description": "Default appstream stack",
            "display_name": "Appstream default stack",
            "feedback_url": "",
            "id": "default-stack",
            "name": "default-stack",
            "redirect_url": "",
            "storage_connectors": [
              {
                "connector_type": "HOMEFOLDERS"
              }
            ],
            "tags": {
              "Env": "dev",
              "Role": "Appstream",
              "Version": "v1"
            }
          },
          "private": "bnVsbA=="
        }
      ]
    }
  ]
}
